
Microsoft Visual Studio Solution File, Format Version 12.00
# Visual Studio Version 16
VisualStudioVersion = 16.0.31112.23
MinimumVisualStudioVersion = 10.0.40219.1
Project("{FAE04EC0-301F-11D3-BF4B-00C04F79EFBC}") = "VendingMachineConsole", "VendingMachineConsole\VendingMachineConsole.csproj", "{66A0C09D-7793-4A92-8F38-840AE8C7EB48}"
EndProject
Global
	GlobalSection(SolutionConfigurationPlatforms) = preSolution
		Debug|Any CPU = Debug|Any CPU
		Release|Any CPU = Release|Any CPU
	EndGlobalSection
	GlobalSection(ProjectConfigurationPlatforms) = postSolution
		{66A0C09D-7793-4A92-8F38-840AE8C7EB48}.Debug|Any CPU.ActiveCfg = Debug|Any CPU
		{66A0C09D-7793-4A92-8F38-840AE8C7EB48}.Debug|Any CPU.Build.0 = Debug|Any CPU
		{66A0C09D-7793-4A92-8F38-840AE8C7EB48}.Release|Any CPU.ActiveCfg = Release|Any CPU
		{66A0C09D-7793-4A92-8F38-840AE8C7EB48}.Release|Any CPU.Build.0 = Release|Any CPU
	EndGlobalSection
	GlobalSection(SolutionProperties) = preSolution
		HideSolutionNode = FALSE
	EndGlobalSection
	GlobalSection(ExtensibilityGlobals) = postSolution
		SolutionGuid = {1D7CB4CE-5549-4016-A75A-797BCC3F5B1F}
	EndGlobalSection
EndGlobal
